
Microsoft Visual Studio Solution File, Format Version 12.00
# Visual Studio Version 17
VisualStudioVersion = 17.4.33213.308
MinimumVisualStudioVersion = 10.0.40219.1
Project("{FAE04EC0-301F-11D3-BF4B-00C04F79EFBC}") = "ExpenseTrackerDOTNET", "ExpenseTrackerDOTNET.csproj", "{0D3B65FE-D3AE-43CB-B85E-4110DFD56342}"
EndProject
Global
	GlobalSection(SolutionConfigurationPlatforms) = preSolution
		Debug|Any CPU = Debug|Any CPU
		Release|Any CPU = Release|Any CPU
	EndGlobalSection
	GlobalSection(ProjectConfigurationPlatforms) = postSolution
		{0D3B65FE-D3AE-43CB-B85E-4110DFD56342}.Debug|Any CPU.ActiveCfg = Debug|Any CPU
		{0D3B65FE-D3AE-43CB-B85E-4110DFD56342}.Debug|Any CPU.Build.0 = Debug|Any CPU
		{0D3B65FE-D3AE-43CB-B85E-4110DFD56342}.Release|Any CPU.ActiveCfg = Release|Any CPU
		{0D3B65FE-D3AE-43CB-B85E-4110DFD56342}.Release|Any CPU.Build.0 = Release|Any CPU
	EndGlobalSection
	GlobalSection(SolutionProperties) = preSolution
		HideSolutionNode = FALSE
	EndGlobalSection
	GlobalSection(ExtensibilityGlobals) = postSolution
		SolutionGuid = {08647E90-B415-432C-A534-F1A434E93E4E}
	EndGlobalSection
EndGlobal
